
Microsoft Visual Studio Solution File, Format Version 12.00
# Visual Studio Version 17
VisualStudioVersion = 17.9.34728.123
MinimumVisualStudioVersion = 10.0.40219.1
Project("{FAE04EC0-301F-11D3-BF4B-00C04F79EFBC}") = "GodModeArea", "GodModeArea.csproj", "{D1823CED-91A4-4A22-8D9A-BB70B78290E9}"
EndProject
Global
	GlobalSection(SolutionConfigurationPlatforms) = preSolution
		Debug|Any CPU = Debug|Any CPU
		Release|Any CPU = Release|Any CPU
	EndGlobalSection
	GlobalSection(ProjectConfigurationPlatforms) = postSolution
		{D1823CED-91A4-4A22-8D9A-BB70B78290E9}.Debug|Any CPU.ActiveCfg = Debug|Any CPU
		{D1823CED-91A4-4A22-8D9A-BB70B78290E9}.Debug|Any CPU.Build.0 = Debug|Any CPU
		{D1823CED-91A4-4A22-8D9A-BB70B78290E9}.Release|Any CPU.ActiveCfg = Release|Any CPU
		{D1823CED-91A4-4A22-8D9A-BB70B78290E9}.Release|Any CPU.Build.0 = Release|Any CPU
	EndGlobalSection
	GlobalSection(SolutionProperties) = preSolution
		HideSolutionNode = FALSE
	EndGlobalSection
	GlobalSection(ExtensibilityGlobals) = postSolution
		SolutionGuid = {8EBB3434-0B21-46CB-96AC-EFD8B1564733}
	EndGlobalSection
EndGlobal
